
Microsoft Visual Studio Solution File, Format Version 12.00
# Visual Studio Version 16
VisualStudioVersion = 25.0.1705.0
MinimumVisualStudioVersion = 10.0.40219.1
Project("{FAE04EC0-301F-11D3-BF4B-00C04F79EFBC}") = "ArrayRazmernPols", "ArrayRazmernPols\ArrayRazmernPols.csproj", "{F65D3F7F-BD08-4E48-940F-7DA29CAF20B6}"
EndProject
Global
	GlobalSection(SolutionConfigurationPlatforms) = preSolution
		Debug|Any CPU = Debug|Any CPU
		Release|Any CPU = Release|Any CPU
	EndGlobalSection
	GlobalSection(ProjectConfigurationPlatforms) = postSolution
		{F65D3F7F-BD08-4E48-940F-7DA29CAF20B6}.Debug|Any CPU.ActiveCfg = Debug|Any CPU
		{F65D3F7F-BD08-4E48-940F-7DA29CAF20B6}.Debug|Any CPU.Build.0 = Debug|Any CPU
		{F65D3F7F-BD08-4E48-940F-7DA29CAF20B6}.Release|Any CPU.ActiveCfg = Release|Any CPU
		{F65D3F7F-BD08-4E48-940F-7DA29CAF20B6}.Release|Any CPU.Build.0 = Release|Any CPU
	EndGlobalSection
	GlobalSection(SolutionProperties) = preSolution
		HideSolutionNode = FALSE
	EndGlobalSection
	GlobalSection(ExtensibilityGlobals) = postSolution
		SolutionGuid = {B8015FAE-BE69-49F1-8E08-FD14EF37E2FF}
	EndGlobalSection
EndGlobal
